<?xml version="1.0" encoding="utf-8"?>
<Project ToolsVersion="4.0" xmlns="http://schemas.microsoft.com/developer/msbuild/2003">
  <ItemGroup>
    <Filter Include="Source Files">
      <UniqueIdentifier>{4FC737F1-C7A5-4376-A066-2A32D752A2FF}</UniqueIdentifier>
      <Extensions>cpp;c;cc;cxx;def;odl;idl;hpj;bat;asm;asmx</Extensions>
    </Filter>
    <Filter Include="Header Files">
      <UniqueIdentifier>{93995380-89BD-4b04-88EB-625FBE52EBFB}</UniqueIdentifier>
      <Extensions>h;hpp;hxx;hm;inl;inc;xsd</Extensions>
    </Filter>
    <Filter Include="Header Files\SudokuEngine">
      <UniqueIdentifier>{ee27f123-d9e8-40b9-8c37-d61ec6828605}</UniqueIdentifier>
    </Filter>
    <Filter Include="Resource Files">
      <UniqueIdentifier>{10a92be6-c1af-4ba3-ae57-75f937ffa57e}</UniqueIdentifier>
    </Filter>
  </ItemGroup>
  <ItemGroup>
    <ClCompile Include="Sudoku 3.0.cpp">
      <Filter>Source Files</Filter>
    </ClCompile>
    <ClCompile Include="AssemblyInfo.cpp">
      <Filter>Source Files</Filter>
    </ClCompile>
    <ClCompile Include="stdafx.cpp">
      <Filter>Source Files</Filter>
    </ClCompile>
    <ClCompile Include="About.cpp">
      <Filter>Source Files</Filter>
    </ClCompile>
    <ClCompile Include="Notification.cpp">
      <Filter>Source Files</Filter>
    </ClCompile>
    <ClCompile Include="Numbers.cpp">
      <Filter>Source Files</Filter>
    </ClCompile>
    <ClCompile Include="Rules.cpp">
      <Filter>Source Files</Filter>
    </ClCompile>
    <ClCompile Include="Features.cpp">
      <Filter>Source Files</Filter>
    </ClCompile>
    <ClCompile Include="Keyboard.cpp">
      <Filter>Source Files</Filter>
    </ClCompile>
    <ClCompile Include="HintsAndTips.cpp">
      <Filter>Source Files</Filter>
    </ClCompile>
  </ItemGroup>
  <ItemGroup>
    <ClInclude Include="stdafx.h">
      <Filter>Header Files</Filter>
    </ClInclude>
    <ClInclude Include="resource.h">
      <Filter>Header Files</Filter>
    </ClInclude>
    <ClInclude Include="Sudoku 3.0.h">
      <Filter>Header Files</Filter>
    </ClInclude>
    <ClInclude Include="Numbers.h">
      <Filter>Header Files</Filter>
    </ClInclude>
    <ClInclude Include="About.h">
      <Filter>Header Files</Filter>
    </ClInclude>
    <ClInclude Include="SudokuEngineBenchmark.h">
      <Filter>Header Files\SudokuEngine</Filter>
    </ClInclude>
    <ClInclude Include="SudokuEngine.h">
      <Filter>Header Files\SudokuEngine</Filter>
    </ClInclude>
    <ClInclude Include="Notification.h">
      <Filter>Header Files</Filter>
    </ClInclude>
    <ClInclude Include="SavedGame.h">
      <Filter>Header Files</Filter>
    </ClInclude>
    <ClInclude Include="Rules.h">
      <Filter>Header Files</Filter>
    </ClInclude>
    <ClInclude Include="Features.h">
      <Filter>Header Files</Filter>
    </ClInclude>
    <ClInclude Include="HintsAndTips.h">
      <Filter>Header Files</Filter>
    </ClInclude>
    <ClInclude Include="Keyboard.h">
      <Filter>Header Files</Filter>
    </ClInclude>
  </ItemGroup>
  <ItemGroup>
    <ResourceCompile Include="app.rc">
      <Filter>Resource Files</Filter>
    </ResourceCompile>
  </ItemGroup>
  <ItemGroup>
    <Image Include="app.ico">
      <Filter>Resource Files</Filter>
    </Image>
  </ItemGroup>
  <ItemGroup>
    <EmbeddedResource Include="Sudoku 3.0.resx" />
    <EmbeddedResource Include="Numbers.resx" />
    <EmbeddedResource Include="About.resx" />
    <EmbeddedResource Include="Notification.resx" />
    <EmbeddedResource Include="Rules.resx" />
  </ItemGroup>
</Project>